
Microsoft Visual Studio Solution File, Format Version 12.00
# Visual Studio Version 16
VisualStudioVersion = 16.0.808.4
MinimumVisualStudioVersion = 10.0.40219.1
Project("{FAE04EC0-301F-11D3-BF4B-00C04F79EFBC}") = "eStore", "eStore\eStore.csproj", "{1C1B4901-4CEC-4F42-ADED-469D2138D654}"
EndProject
Project("{D954291E-2A0B-460D-934E-DC6B0785DB48}") = "eStore.Shared", "eStore.Shared\eStore.Shared.shproj", "{AD575A80-1A21-41CF-858C-41F0DD7EE827}"
EndProject
Project("{2150E333-8FDC-42A3-9474-1A3956D46DE8}") = "Solution Items", "Solution Items", "{030EE4E8-690A-47A7-AD8D-BAB799C69A96}"
	ProjectSection(SolutionItems) = preProject
		.editorconfig = .editorconfig
	EndProjectSection
EndProject
Project("{9344BDBB-3E7F-41FC-A0DD-8665D75EE146}") = "eStore.DM", "eStore.DM\eStore.DM.csproj", "{9747C7E5-B326-41A6-B6B6-B70884720ECC}"
EndProject
Project("{9344BDBB-3E7F-41FC-A0DD-8665D75EE146}") = "eStore.Validator", "eStore.Validator\eStore.Validator.csproj", "{AF95D6E2-4822-4DDE-A132-8DCACFC46E9A}"
EndProject
Project("{9344BDBB-3E7F-41FC-A0DD-8665D75EE146}") = "eStore.Services", "eStore.Services\eStore.Services.csproj", "{FF354123-83C6-424B-813E-58928F4A8BB3}"
EndProject
Project("{9344BDBB-3E7F-41FC-A0DD-8665D75EE146}") = "eStore.BL", "eStore.BL\eStore.BL.csproj", "{983271B8-2B5F-4B0E-996D-B7E388745FBD}"
EndProject
Project("{9344BDBB-3E7F-41FC-A0DD-8665D75EE146}") = "eStore.DL", "eStore.DL\eStore.DL.csproj", "{A5D590A5-F0A1-4050-8603-06830B1842EF}"
EndProject
Project("{9344BDBB-3E7F-41FC-A0DD-8665D75EE146}") = "eStore.Payroll", "eStore.Payroll\eStore.Payroll.csproj", "{91824CEC-3F7F-4ECC-A8DD-19962052039A}"
EndProject
Global
	GlobalSection(SolutionConfigurationPlatforms) = preSolution
		Debug|Any CPU = Debug|Any CPU
		Release|Any CPU = Release|Any CPU
	EndGlobalSection
	GlobalSection(ProjectConfigurationPlatforms) = postSolution
		{1C1B4901-4CEC-4F42-ADED-469D2138D654}.Debug|Any CPU.ActiveCfg = Debug|Any CPU
		{1C1B4901-4CEC-4F42-ADED-469D2138D654}.Debug|Any CPU.Build.0 = Debug|Any CPU
		{1C1B4901-4CEC-4F42-ADED-469D2138D654}.Release|Any CPU.ActiveCfg = Release|Any CPU
		{1C1B4901-4CEC-4F42-ADED-469D2138D654}.Release|Any CPU.Build.0 = Release|Any CPU
		{9747C7E5-B326-41A6-B6B6-B70884720ECC}.Debug|Any CPU.ActiveCfg = Debug|Any CPU
		{9747C7E5-B326-41A6-B6B6-B70884720ECC}.Debug|Any CPU.Build.0 = Debug|Any CPU
		{9747C7E5-B326-41A6-B6B6-B70884720ECC}.Release|Any CPU.ActiveCfg = Release|Any CPU
		{9747C7E5-B326-41A6-B6B6-B70884720ECC}.Release|Any CPU.Build.0 = Release|Any CPU
		{AF95D6E2-4822-4DDE-A132-8DCACFC46E9A}.Debug|Any CPU.ActiveCfg = Debug|Any CPU
		{AF95D6E2-4822-4DDE-A132-8DCACFC46E9A}.Debug|Any CPU.Build.0 = Debug|Any CPU
		{AF95D6E2-4822-4DDE-A132-8DCACFC46E9A}.Release|Any CPU.ActiveCfg = Release|Any CPU
		{AF95D6E2-4822-4DDE-A132-8DCACFC46E9A}.Release|Any CPU.Build.0 = Release|Any CPU
		{FF354123-83C6-424B-813E-58928F4A8BB3}.Debug|Any CPU.ActiveCfg = Debug|Any CPU
		{FF354123-83C6-424B-813E-58928F4A8BB3}.Debug|Any CPU.Build.0 = Debug|Any CPU
		{FF354123-83C6-424B-813E-58928F4A8BB3}.Release|Any CPU.ActiveCfg = Release|Any CPU
		{FF354123-83C6-424B-813E-58928F4A8BB3}.Release|Any CPU.Build.0 = Release|Any CPU
		{983271B8-2B5F-4B0E-996D-B7E388745FBD}.Debug|Any CPU.ActiveCfg = Debug|Any CPU
		{983271B8-2B5F-4B0E-996D-B7E388745FBD}.Debug|Any CPU.Build.0 = Debug|Any CPU
		{983271B8-2B5F-4B0E-996D-B7E388745FBD}.Release|Any CPU.ActiveCfg = Release|Any CPU
		{983271B8-2B5F-4B0E-996D-B7E388745FBD}.Release|Any CPU.Build.0 = Release|Any CPU
		{A5D590A5-F0A1-4050-8603-06830B1842EF}.Debug|Any CPU.ActiveCfg = Debug|Any CPU
		{A5D590A5-F0A1-4050-8603-06830B1842EF}.Debug|Any CPU.Build.0 = Debug|Any CPU
		{A5D590A5-F0A1-4050-8603-06830B1842EF}.Release|Any CPU.ActiveCfg = Release|Any CPU
		{A5D590A5-F0A1-4050-8603-06830B1842EF}.Release|Any CPU.Build.0 = Release|Any CPU
		{91824CEC-3F7F-4ECC-A8DD-19962052039A}.Debug|Any CPU.ActiveCfg = Debug|Any CPU
		{91824CEC-3F7F-4ECC-A8DD-19962052039A}.Debug|Any CPU.Build.0 = Debug|Any CPU
		{91824CEC-3F7F-4ECC-A8DD-19962052039A}.Release|Any CPU.ActiveCfg = Release|Any CPU
		{91824CEC-3F7F-4ECC-A8DD-19962052039A}.Release|Any CPU.Build.0 = Release|Any CPU
	EndGlobalSection
	GlobalSection(SolutionProperties) = preSolution
		HideSolutionNode = FALSE
	EndGlobalSection
	GlobalSection(ExtensibilityGlobals) = postSolution
		SolutionGuid = {DD080234-6D5E-40C5-A20F-81815F8EC3A0}
	EndGlobalSection
	GlobalSection(MonoDevelopProperties) = preSolution
		Policies = $0
		$0.DotNetNamingPolicy = $1
		$1.DirectoryNamespaceAssociation = PrefixedHierarchical
		$0.VersionControlPolicy = $2
		description = eStore - Store ERP by AKS Labs.
		version = 5.0
	EndGlobalSection
EndGlobal
