
Microsoft Visual Studio Solution File, Format Version 12.00
# Visual Studio Version 16
VisualStudioVersion = 16.0.808.4
MinimumVisualStudioVersion = 10.0.40219.1
Project("{9A19103F-16F7-4668-BE54-9A1E7A4F7556}") = "eStore", "eStore\eStore.csproj", "{1C1B4901-4CEC-4F42-ADED-469D2138D654}"
EndProject
Project("{D954291E-2A0B-460D-934E-DC6B0785DB48}") = "eStore.Shared", "eStore.Shared\eStore.Shared.shproj", "{AD575A80-1A21-41CF-858C-41F0DD7EE827}"
EndProject
Project("{2150E333-8FDC-42A3-9474-1A3956D46DE8}") = "Solution Items", "Solution Items", "{030EE4E8-690A-47A7-AD8D-BAB799C69A96}"
	ProjectSection(SolutionItems) = preProject
		.editorconfig = .editorconfig
	EndProjectSection
EndProject
Global
	GlobalSection(SharedMSBuildProjectFiles) = preSolution
		eStore.Shared\eStore.Shared.projitems*{1c1b4901-4cec-4f42-aded-469d2138d654}*SharedItemsImports = 5
		eStore.Shared\eStore.Shared.projitems*{ad575a80-1a21-41cf-858c-41f0dd7ee827}*SharedItemsImports = 13
	EndGlobalSection
	GlobalSection(SolutionConfigurationPlatforms) = preSolution
		Debug|Any CPU = Debug|Any CPU
		Release|Any CPU = Release|Any CPU
	EndGlobalSection
	GlobalSection(ProjectConfigurationPlatforms) = postSolution
		{1C1B4901-4CEC-4F42-ADED-469D2138D654}.Debug|Any CPU.ActiveCfg = Debug|Any CPU
		{1C1B4901-4CEC-4F42-ADED-469D2138D654}.Debug|Any CPU.Build.0 = Debug|Any CPU
		{1C1B4901-4CEC-4F42-ADED-469D2138D654}.Release|Any CPU.ActiveCfg = Release|Any CPU
		{1C1B4901-4CEC-4F42-ADED-469D2138D654}.Release|Any CPU.Build.0 = Release|Any CPU
	EndGlobalSection
	GlobalSection(SolutionProperties) = preSolution
		HideSolutionNode = FALSE
	EndGlobalSection
	GlobalSection(ExtensibilityGlobals) = postSolution
		SolutionGuid = {DD080234-6D5E-40C5-A20F-81815F8EC3A0}
	EndGlobalSection
	GlobalSection(MonoDevelopProperties) = preSolution
		Policies = $0
		$0.DotNetNamingPolicy = $1
		$1.DirectoryNamespaceAssociation = PrefixedHierarchical
		$0.VersionControlPolicy = $2
		description = eStore - Store ERP by AKS Labs.
		version = 5.0
	EndGlobalSection
EndGlobal
