
Microsoft Visual Studio Solution File, Format Version 12.00
# Visual Studio Version 16
VisualStudioVersion = 16.0.808.4
MinimumVisualStudioVersion = 10.0.40219.1
Project("{FAE04EC0-301F-11D3-BF4B-00C04F79EFBC}") = "eStore", "eStore\eStore.csproj", "{1C1B4901-4CEC-4F42-ADED-469D2138D654}"
EndProject
Project("{D954291E-2A0B-460D-934E-DC6B0785DB48}") = "eStore.Shared", "eStore.Shared\eStore.Shared.shproj", "{AD575A80-1A21-41CF-858C-41F0DD7EE827}"
EndProject
Project("{2150E333-8FDC-42A3-9474-1A3956D46DE8}") = "Solution Items", "Solution Items", "{030EE4E8-690A-47A7-AD8D-BAB799C69A96}"
	ProjectSection(SolutionItems) = preProject
		.editorconfig = .editorconfig
	EndProjectSection
EndProject
Project("{FAE04EC0-301F-11D3-BF4B-00C04F79EFBC}") = "eStore.API", "eStore.API\eStore.API.csproj", "{4A061D90-B7A4-4C52-A519-FD74C95DAF8F}"
EndProject
Project("{9344BDBB-3E7F-41FC-A0DD-8665D75EE146}") = "eStore.DatabaseExtension", "eStore.DatabaseExtension\eStore.DatabaseExtension.csproj", "{C38AAEFF-D381-4E08-A83A-229487504002}"
EndProject
Project("{FAE04EC0-301F-11D3-BF4B-00C04F79EFBC}") = "eStore.WebApi", "eStore.WebApi\eStore.WebApi.csproj", "{B8A184FD-DCC7-4E1E-AAE2-37CED48924F8}"
EndProject
Global
	GlobalSection(SharedMSBuildProjectFiles) = preSolution
		eStore.Shared\eStore.Shared.projitems*{1c1b4901-4cec-4f42-aded-469d2138d654}*SharedItemsImports = 5
		eStore.Shared\eStore.Shared.projitems*{ad575a80-1a21-41cf-858c-41f0dd7ee827}*SharedItemsImports = 13
	EndGlobalSection
	GlobalSection(SolutionConfigurationPlatforms) = preSolution
		Debug|Any CPU = Debug|Any CPU
		Release|Any CPU = Release|Any CPU
	EndGlobalSection
	GlobalSection(ProjectConfigurationPlatforms) = postSolution
		{1C1B4901-4CEC-4F42-ADED-469D2138D654}.Debug|Any CPU.ActiveCfg = Debug|Any CPU
		{1C1B4901-4CEC-4F42-ADED-469D2138D654}.Debug|Any CPU.Build.0 = Debug|Any CPU
		{1C1B4901-4CEC-4F42-ADED-469D2138D654}.Release|Any CPU.ActiveCfg = Release|Any CPU
		{1C1B4901-4CEC-4F42-ADED-469D2138D654}.Release|Any CPU.Build.0 = Release|Any CPU
		{4A061D90-B7A4-4C52-A519-FD74C95DAF8F}.Debug|Any CPU.ActiveCfg = Debug|Any CPU
		{4A061D90-B7A4-4C52-A519-FD74C95DAF8F}.Debug|Any CPU.Build.0 = Debug|Any CPU
		{4A061D90-B7A4-4C52-A519-FD74C95DAF8F}.Release|Any CPU.ActiveCfg = Release|Any CPU
		{4A061D90-B7A4-4C52-A519-FD74C95DAF8F}.Release|Any CPU.Build.0 = Release|Any CPU
		{C38AAEFF-D381-4E08-A83A-229487504002}.Debug|Any CPU.ActiveCfg = Debug|Any CPU
		{C38AAEFF-D381-4E08-A83A-229487504002}.Debug|Any CPU.Build.0 = Debug|Any CPU
		{C38AAEFF-D381-4E08-A83A-229487504002}.Release|Any CPU.ActiveCfg = Release|Any CPU
		{C38AAEFF-D381-4E08-A83A-229487504002}.Release|Any CPU.Build.0 = Release|Any CPU
		{B8A184FD-DCC7-4E1E-AAE2-37CED48924F8}.Debug|Any CPU.ActiveCfg = Debug|Any CPU
		{B8A184FD-DCC7-4E1E-AAE2-37CED48924F8}.Debug|Any CPU.Build.0 = Debug|Any CPU
		{B8A184FD-DCC7-4E1E-AAE2-37CED48924F8}.Release|Any CPU.ActiveCfg = Release|Any CPU
		{B8A184FD-DCC7-4E1E-AAE2-37CED48924F8}.Release|Any CPU.Build.0 = Release|Any CPU
	EndGlobalSection
	GlobalSection(SolutionProperties) = preSolution
		HideSolutionNode = FALSE
	EndGlobalSection
	GlobalSection(ExtensibilityGlobals) = postSolution
		SolutionGuid = {DD080234-6D5E-40C5-A20F-81815F8EC3A0}
	EndGlobalSection
	GlobalSection(MonoDevelopProperties) = preSolution
		Policies = $0
		$0.DotNetNamingPolicy = $1
		$1.DirectoryNamespaceAssociation = PrefixedHierarchical
		$0.VersionControlPolicy = $2
		description = eStore - Store ERP by AKS Labs.
		version = 5.0
	EndGlobalSection
EndGlobal
